
Microsoft Visual Studio Solution File, Format Version 12.00
# Visual Studio Version 17
VisualStudioVersion = 17.7.34024.191
MinimumVisualStudioVersion = 10.0.40219.1
Project("{FAE04EC0-301F-11D3-BF4B-00C04F79EFBC}") = "OOP uppgift 1", "OOP uppgift 1.csproj", "{B468B716-44D4-45A8-9648-1C11F620D619}"
EndProject
Global
	GlobalSection(SolutionConfigurationPlatforms) = preSolution
		Debug|Any CPU = Debug|Any CPU
		Release|Any CPU = Release|Any CPU
	EndGlobalSection
	GlobalSection(ProjectConfigurationPlatforms) = postSolution
		{B468B716-44D4-45A8-9648-1C11F620D619}.Debug|Any CPU.ActiveCfg = Debug|Any CPU
		{B468B716-44D4-45A8-9648-1C11F620D619}.Debug|Any CPU.Build.0 = Debug|Any CPU
		{B468B716-44D4-45A8-9648-1C11F620D619}.Release|Any CPU.ActiveCfg = Release|Any CPU
		{B468B716-44D4-45A8-9648-1C11F620D619}.Release|Any CPU.Build.0 = Release|Any CPU
	EndGlobalSection
	GlobalSection(SolutionProperties) = preSolution
		HideSolutionNode = FALSE
	EndGlobalSection
	GlobalSection(ExtensibilityGlobals) = postSolution
		SolutionGuid = {FDE4EDA1-EB89-4DD3-A9D7-81D0D2AC3FD5}
	EndGlobalSection
EndGlobal
